{
  "name": "@deriv-bot/binary-backtester-bridge",
  "version": "1.0.0",
  "lockfileVersion": 3,
  "requires": true,
  "packages": {
    "": {
      "name": "@deriv-bot/binary-backtester-bridge",
      "version": "1.0.0",
      "license": "MIT",
      "dependencies": {
        "@deriv-bot/gateway": "file:../../gateway/dist"
      }
    },
    "../../gateway/dist": {},
    "node_modules/@deriv-bot/gateway": {
      "resolved": "../../gateway/dist",
      "link": true
    }
  }
}
